
Microsoft Visual Studio Solution File, Format Version 12.00
# Visual Studio Version 17
VisualStudioVersion = 17.13.35825.156 d17.13
MinimumVisualStudioVersion = 10.0.40219.1
Project("{FAE04EC0-301F-11D3-BF4B-00C04F79EFBC}") = "LuhnAlgorithm", "LuhnAlgorithm\LuhnAlgorithm.csproj", "{BFF4D60A-242F-4FF8-9FE3-739530F71AEA}"
EndProject
Global
	GlobalSection(SolutionConfigurationPlatforms) = preSolution
		Debug|Any CPU = Debug|Any CPU
		Release|Any CPU = Release|Any CPU
	EndGlobalSection
	GlobalSection(ProjectConfigurationPlatforms) = postSolution
		{BFF4D60A-242F-4FF8-9FE3-739530F71AEA}.Debug|Any CPU.ActiveCfg = Debug|Any CPU
		{BFF4D60A-242F-4FF8-9FE3-739530F71AEA}.Debug|Any CPU.Build.0 = Debug|Any CPU
		{BFF4D60A-242F-4FF8-9FE3-739530F71AEA}.Release|Any CPU.ActiveCfg = Release|Any CPU
		{BFF4D60A-242F-4FF8-9FE3-739530F71AEA}.Release|Any CPU.Build.0 = Release|Any CPU
	EndGlobalSection
	GlobalSection(SolutionProperties) = preSolution
		HideSolutionNode = FALSE
	EndGlobalSection
	GlobalSection(ExtensibilityGlobals) = postSolution
		SolutionGuid = {C707E86B-BC3B-4272-8FFF-31D7DFA9D516}
	EndGlobalSection
EndGlobal
